// !$*UTF8*$!
{
	archiveVersion = 1;
	classes = {
	};
	objectVersion = 55;
	objects = {

/* Begin PBXBuildFile section */
		8C52740E28A0D6C10034E5AC /* Constants.swift in Sources */ = {isa = PBXBuildFile; fileRef = 8C52740D28A0D6C10034E5AC /* Constants.swift */; };
		8C52741028A0E5E60034E5AC /* LoginVC.swift in Sources */ = {isa = PBXBuildFile; fileRef = 8C52740F28A0E5E60034E5AC /* LoginVC.swift */; };
		8C52741228A0EA6C0034E5AC /* CreateAccountVC.swift in Sources */ = {isa = PBXBuildFile; fileRef = 8C52741128A0EA6C0034E5AC /* CreateAccountVC.swift */; };
		8CA524EC289FEBA9007D5CBE /* AppDelegate.swift in Sources */ = {isa = PBXBuildFile; fileRef = 8CA524EB289FEBA9007D5CBE /* AppDelegate.swift */; };
		8CA524EE289FEBA9007D5CBE /* SceneDelegate.swift in Sources */ = {isa = PBXBuildFile; fileRef = 8CA524ED289FEBA9007D5CBE /* SceneDelegate.swift */; };
		8CA524F3289FEBA9007D5CBE /* Main.storyboard in Resources */ = {isa = PBXBuildFile; fileRef = 8CA524F1289FEBA9007D5CBE /* Main.storyboard */; };
		8CA524F5289FEBAB007D5CBE /* Assets.xcassets in Resources */ = {isa = PBXBuildFile; fileRef = 8CA524F4289FEBAB007D5CBE /* Assets.xcassets */; };
		8CA524F8289FEBAB007D5CBE /* LaunchScreen.storyboard in Resources */ = {isa = PBXBuildFile; fileRef = 8CA524F6289FEBAB007D5CBE /* LaunchScreen.storyboard */; };
		8CA52503289FEF96007D5CBE /* SWRevealViewController.m in Sources */ = {isa = PBXBuildFile; fileRef = 8CA52502289FEF96007D5CBE /* SWRevealViewController.m */; };
		8CA52508289FF618007D5CBE /* ChatVC.swift in Sources */ = {isa = PBXBuildFile; fileRef = 8CA52507289FF618007D5CBE /* ChatVC.swift */; };
		8CA5250A289FF649007D5CBE /* ChannelVC.swift in Sources */ = {isa = PBXBuildFile; fileRef = 8CA52509289FF649007D5CBE /* ChannelVC.swift */; };
		8CA5250C28A00EFD007D5CBE /* GradientView.swift in Sources */ = {isa = PBXBuildFile; fileRef = 8CA5250B28A00EFD007D5CBE /* GradientView.swift */; };
		948AB02C2D3F4C9F80242705 /* Pods_Smack.framework in Frameworks */ = {isa = PBXBuildFile; fileRef = 9806E98C819121634F42639B /* Pods_Smack.framework */; };
/* End PBXBuildFile section */

/* Begin PBXFileReference section */
		3E95AF36A072EF14AF0045D5 /* Pods-Smack.release.xcconfig */ = {isa = PBXFileReference; includeInIndex = 1; lastKnownFileType = text.xcconfig; name = "Pods-Smack.release.xcconfig"; path = "Target Support Files/Pods-Smack/Pods-Smack.release.xcconfig"; sourceTree = "<group>"; };
		60E0C72DFF3C5BAF37B3EFEE /* Pods-Smack.debug.xcconfig */ = {isa = PBXFileReference; includeInIndex = 1; lastKnownFileType = text.xcconfig; name = "Pods-Smack.debug.xcconfig"; path = "Target Support Files/Pods-Smack/Pods-Smack.debug.xcconfig"; sourceTree = "<group>"; };
		8C52740D28A0D6C10034E5AC /* Constants.swift */ = {isa = PBXFileReference; lastKnownFileType = sourcecode.swift; path = Constants.swift; sourceTree = "<group>"; };
		8C52740F28A0E5E60034E5AC /* LoginVC.swift */ = {isa = PBXFileReference; lastKnownFileType = sourcecode.swift; path = LoginVC.swift; sourceTree = "<group>"; };
		8C52741128A0EA6C0034E5AC /* CreateAccountVC.swift */ = {isa = PBXFileReference; lastKnownFileType = sourcecode.swift; path = CreateAccountVC.swift; sourceTree = "<group>"; };
		8CA524E8289FEBA9007D5CBE /* Smack.app */ = {isa = PBXFileReference; explicitFileType = wrapper.application; includeInIndex = 0; path = Smack.app; sourceTree = BUILT_PRODUCTS_DIR; };
		8CA524EB289FEBA9007D5CBE /* AppDelegate.swift */ = {isa = PBXFileReference; lastKnownFileType = sourcecode.swift; path = AppDelegate.swift; sourceTree = "<group>"; };
		8CA524ED289FEBA9007D5CBE /* SceneDelegate.swift */ = {isa = PBXFileReference; lastKnownFileType = sourcecode.swift; path = SceneDelegate.swift; sourceTree = "<group>"; };
		8CA524F2289FEBA9007D5CBE /* Base */ = {isa = PBXFileReference; lastKnownFileType = file.storyboard; name = Base; path = Base.lproj/Main.storyboard; sourceTree = "<group>"; };
		8CA524F4289FEBAB007D5CBE /* Assets.xcassets */ = {isa = PBXFileReference; lastKnownFileType = folder.assetcatalog; path = Assets.xcassets; sourceTree = "<group>"; };
		8CA524F7289FEBAB007D5CBE /* Base */ = {isa = PBXFileReference; lastKnownFileType = file.storyboard; name = Base; path = Base.lproj/LaunchScreen.storyboard; sourceTree = "<group>"; };
		8CA524F9289FEBAB007D5CBE /* Info.plist */ = {isa = PBXFileReference; lastKnownFileType = text.plist.xml; path = Info.plist; sourceTree = "<group>"; };
		8CA52500289FEF95007D5CBE /* Smack-Bridging-Header.h */ = {isa = PBXFileReference; lastKnownFileType = sourcecode.c.h; path = "Smack-Bridging-Header.h"; sourceTree = "<group>"; };
		8CA52501289FEF96007D5CBE /* SWRevealViewController.h */ = {isa = PBXFileReference; fileEncoding = 4; lastKnownFileType = sourcecode.c.h; path = SWRevealViewController.h; sourceTree = "<group>"; };
		8CA52502289FEF96007D5CBE /* SWRevealViewController.m */ = {isa = PBXFileReference; fileEncoding = 4; lastKnownFileType = sourcecode.c.objc; path = SWRevealViewController.m; sourceTree = "<group>"; };
		8CA52507289FF618007D5CBE /* ChatVC.swift */ = {isa = PBXFileReference; lastKnownFileType = sourcecode.swift; path = ChatVC.swift; sourceTree = "<group>"; };
		8CA52509289FF649007D5CBE /* ChannelVC.swift */ = {isa = PBXFileReference; lastKnownFileType = sourcecode.swift; path = ChannelVC.swift; sourceTree = "<group>"; };
		8CA5250B28A00EFD007D5CBE /* GradientView.swift */ = {isa = PBXFileReference; lastKnownFileType = sourcecode.swift; path = GradientView.swift; sourceTree = "<group>"; };
		9806E98C819121634F42639B /* Pods_Smack.framework */ = {isa = PBXFileReference; explicitFileType = wrapper.framework; includeInIndex = 0; path = Pods_Smack.framework; sourceTree = BUILT_PRODUCTS_DIR; };
/* End PBXFileReference section */

/* Begin PBXFrameworksBuildPhase section */
		8CA524E5289FEBA9007D5CBE /* Frameworks */ = {
			isa = PBXFrameworksBuildPhase;
			buildActionMask = 2147483647;
			files = (
				948AB02C2D3F4C9F80242705 /* Pods_Smack.framework in Frameworks */,
			);
			runOnlyForDeploymentPostprocessing = 0;
		};
/* End PBXFrameworksBuildPhase section */

/* Begin PBXGroup section */
		532DA3B01E75B278C0FA3A4A /* Pods */ = {
			isa = PBXGroup;
			children = (
				60E0C72DFF3C5BAF37B3EFEE /* Pods-Smack.debug.xcconfig */,
				3E95AF36A072EF14AF0045D5 /* Pods-Smack.release.xcconfig */,
			);
			path = Pods;
			sourceTree = "<group>";
		};
		8C52740C28A0D6740034E5AC /* Utilities */ = {
			isa = PBXGroup;
			children = (
				8C52740D28A0D6C10034E5AC /* Constants.swift */,
			);
			path = Utilities;
			sourceTree = "<group>";
		};
		8CA524DF289FEBA9007D5CBE = {
			isa = PBXGroup;
			children = (
				8CA524FF289FEF65007D5CBE /* Supporting Files */,
				8CA524EA289FEBA9007D5CBE /* Smack */,
				8CA524E9289FEBA9007D5CBE /* Products */,
				532DA3B01E75B278C0FA3A4A /* Pods */,
				EC5569F50D171E4B09902155 /* Frameworks */,
			);
			sourceTree = "<group>";
		};
		8CA524E9289FEBA9007D5CBE /* Products */ = {
			isa = PBXGroup;
			children = (
				8CA524E8289FEBA9007D5CBE /* Smack.app */,
			);
			name = Products;
			sourceTree = "<group>";
		};
		8CA524EA289FEBA9007D5CBE /* Smack */ = {
			isa = PBXGroup;
			children = (
				8C52740C28A0D6740034E5AC /* Utilities */,
				8CA52506289FF5CD007D5CBE /* Model */,
				8CA52505289FF5BF007D5CBE /* View */,
				8CA52504289FF5A9007D5CBE /* Controller */,
				8CA524EB289FEBA9007D5CBE /* AppDelegate.swift */,
				8CA524ED289FEBA9007D5CBE /* SceneDelegate.swift */,
				8CA524F1289FEBA9007D5CBE /* Main.storyboard */,
				8CA524F4289FEBAB007D5CBE /* Assets.xcassets */,
				8CA524F6289FEBAB007D5CBE /* LaunchScreen.storyboard */,
				8CA524F9289FEBAB007D5CBE /* Info.plist */,
			);
			path = Smack;
			sourceTree = "<group>";
		};
		8CA524FF289FEF65007D5CBE /* Supporting Files */ = {
			isa = PBXGroup;
			children = (
				8CA52501289FEF96007D5CBE /* SWRevealViewController.h */,
				8CA52502289FEF96007D5CBE /* SWRevealViewController.m */,
				8CA52500289FEF95007D5CBE /* Smack-Bridging-Header.h */,
			);
			path = "Supporting Files";
			sourceTree = "<group>";
		};
		8CA52504289FF5A9007D5CBE /* Controller */ = {
			isa = PBXGroup;
			children = (
				8CA52507289FF618007D5CBE /* ChatVC.swift */,
				8CA52509289FF649007D5CBE /* ChannelVC.swift */,
				8C52740F28A0E5E60034E5AC /* LoginVC.swift */,
				8C52741128A0EA6C0034E5AC /* CreateAccountVC.swift */,
			);
			path = Controller;
			sourceTree = "<group>";
		};
		8CA52505289FF5BF007D5CBE /* View */ = {
			isa = PBXGroup;
			children = (
				8CA5250B28A00EFD007D5CBE /* GradientView.swift */,
			);
			path = View;
			sourceTree = "<group>";
		};
		8CA52506289FF5CD007D5CBE /* Model */ = {
			isa = PBXGroup;
			children = (
			);
			path = Model;
			sourceTree = "<group>";
		};
		EC5569F50D171E4B09902155 /* Frameworks */ = {
			isa = PBXGroup;
			children = (
				9806E98C819121634F42639B /* Pods_Smack.framework */,
			);
			name = Frameworks;
			sourceTree = "<group>";
		};
/* End PBXGroup section */

/* Begin PBXNativeTarget section */
		8CA524E7289FEBA9007D5CBE /* Smack */ = {
			isa = PBXNativeTarget;
			buildConfigurationList = 8CA524FC289FEBAB007D5CBE /* Build configuration list for PBXNativeTarget "Smack" */;
			buildPhases = (
				7EEF2BF27DF8C97C3887870C /* [CP] Check Pods Manifest.lock */,
				8CA524E4289FEBA9007D5CBE /* Sources */,
				8CA524E5289FEBA9007D5CBE /* Frameworks */,
				8CA524E6289FEBA9007D5CBE /* Resources */,
				E01AD013F03D1743BAECB7D4 /* [CP] Embed Pods Frameworks */,
			);
			buildRules = (
			);
			dependencies = (
			);
			name = Smack;
			productName = Smack;
			productReference = 8CA524E8289FEBA9007D5CBE /* Smack.app */;
			productType = "com.apple.product-type.application";
		};
/* End PBXNativeTarget section */

/* Begin PBXProject section */
		8CA524E0289FEBA9007D5CBE /* Project object */ = {
			isa = PBXProject;
			attributes = {
				BuildIndependentTargetsInParallel = 1;
				LastSwiftUpdateCheck = 1320;
				LastUpgradeCheck = 1320;
				TargetAttributes = {
					8CA524E7289FEBA9007D5CBE = {
						CreatedOnToolsVersion = 13.2.1;
						LastSwiftMigration = 1320;
					};
				};
			};
			buildConfigurationList = 8CA524E3289FEBA9007D5CBE /* Build configuration list for PBXProject "Smack" */;
			compatibilityVersion = "Xcode 13.0";
			developmentRegion = en;
			hasScannedForEncodings = 0;
			knownRegions = (
				en,
				Base,
			);
			mainGroup = 8CA524DF289FEBA9007D5CBE;
			productRefGroup = 8CA524E9289FEBA9007D5CBE /* Products */;
			projectDirPath = "";
			projectRoot = "";
			targets = (
				8CA524E7289FEBA9007D5CBE /* Smack */,
			);
		};
/* End PBXProject section */

/* Begin PBXResourcesBuildPhase section */
		8CA524E6289FEBA9007D5CBE /* Resources */ = {
			isa = PBXResourcesBuildPhase;
			buildActionMask = 2147483647;
			files = (
				8CA524F8289FEBAB007D5CBE /* LaunchScreen.storyboard in Resources */,
				8CA524F5289FEBAB007D5CBE /* Assets.xcassets in Resources */,
				8CA524F3289FEBA9007D5CBE /* Main.storyboard in Resources */,
			);
			runOnlyForDeploymentPostprocessing = 0;
		};
/* End PBXResourcesBuildPhase section */

/* Begin PBXShellScriptBuildPhase section */
		7EEF2BF27DF8C97C3887870C /* [CP] Check Pods Manifest.lock */ = {
			isa = PBXShellScriptBuildPhase;
			buildActionMask = 2147483647;
			files = (
			);
			inputFileListPaths = (
			);
			inputPaths = (
				"${PODS_PODFILE_DIR_PATH}/Podfile.lock",
				"${PODS_ROOT}/Manifest.lock",
			);
			name = "[CP] Check Pods Manifest.lock";
			outputFileListPaths = (
			);
			outputPaths = (
				"$(DERIVED_FILE_DIR)/Pods-Smack-checkManifestLockResult.txt",
			);
			runOnlyForDeploymentPostprocessing = 0;
			shellPath = /bin/sh;
			shellScript = "diff \"${PODS_PODFILE_DIR_PATH}/Podfile.lock\" \"${PODS_ROOT}/Manifest.lock\" > /dev/null\nif [ $? != 0 ] ; then\n    # print error to STDERR\n    echo \"error: The sandbox is not in sync with the Podfile.lock. Run 'pod install' or update your CocoaPods installation.\" >&2\n    exit 1\nfi\n# This output is used by Xcode 'outputs' to avoid re-running this script phase.\necho \"SUCCESS\" > \"${SCRIPT_OUTPUT_FILE_0}\"\n";
			showEnvVarsInLog = 0;
		};
		E01AD013F03D1743BAECB7D4 /* [CP] Embed Pods Frameworks */ = {
			isa = PBXShellScriptBuildPhase;
			buildActionMask = 2147483647;
			files = (
			);
			inputFileListPaths = (
				"${PODS_ROOT}/Target Support Files/Pods-Smack/Pods-Smack-frameworks-${CONFIGURATION}-input-files.xcfilelist",
			);
			name = "[CP] Embed Pods Frameworks";
			outputFileListPaths = (
				"${PODS_ROOT}/Target Support Files/Pods-Smack/Pods-Smack-frameworks-${CONFIGURATION}-output-files.xcfilelist",
			);
			runOnlyForDeploymentPostprocessing = 0;
			shellPath = /bin/sh;
			shellScript = "\"${PODS_ROOT}/Target Support Files/Pods-Smack/Pods-Smack-frameworks.sh\"\n";
			showEnvVarsInLog = 0;
		};
/* End PBXShellScriptBuildPhase section */

/* Begin PBXSourcesBuildPhase section */
		8CA524E4289FEBA9007D5CBE /* Sources */ = {
			isa = PBXSourcesBuildPhase;
			buildActionMask = 2147483647;
			files = (
				8CA52508289FF618007D5CBE /* ChatVC.swift in Sources */,
				8CA524EC289FEBA9007D5CBE /* AppDelegate.swift in Sources */,
				8C52741028A0E5E60034E5AC /* LoginVC.swift in Sources */,
				8CA5250C28A00EFD007D5CBE /* GradientView.swift in Sources */,
				8CA524EE289FEBA9007D5CBE /* SceneDelegate.swift in Sources */,
				8C52741228A0EA6C0034E5AC /* CreateAccountVC.swift in Sources */,
				8C52740E28A0D6C10034E5AC /* Constants.swift in Sources */,
				8CA52503289FEF96007D5CBE /* SWRevealViewController.m in Sources */,
				8CA5250A289FF649007D5CBE /* ChannelVC.swift in Sources */,
			);
			runOnlyForDeploymentPostprocessing = 0;
		};
/* End PBXSourcesBuildPhase section */

/* Begin PBXVariantGroup section */
		8CA524F1289FEBA9007D5CBE /* Main.storyboard */ = {
			isa = PBXVariantGroup;
			children = (
				8CA524F2289FEBA9007D5CBE /* Base */,
			);
			name = Main.storyboard;
			sourceTree = "<group>";
		};
		8CA524F6289FEBAB007D5CBE /* LaunchScreen.storyboard */ = {
			isa = PBXVariantGroup;
			children = (
				8CA524F7289FEBAB007D5CBE /* Base */,
			);
			name = LaunchScreen.storyboard;
			sourceTree = "<group>";
		};
/* End PBXVariantGroup section */

/* Begin XCBuildConfiguration section */
		8CA524FA289FEBAB007D5CBE /* Debug */ = {
			isa = XCBuildConfiguration;
			buildSettings = {
				ALWAYS_SEARCH_USER_PATHS = NO;
				CLANG_ANALYZER_NONNULL = YES;
				CLANG_ANALYZER_NUMBER_OBJECT_CONVERSION = YES_AGGRESSIVE;
				CLANG_CXX_LANGUAGE_STANDARD = "gnu++17";
				CLANG_CXX_LIBRARY = "libc++";
				CLANG_ENABLE_MODULES = YES;
				CLANG_ENABLE_OBJC_ARC = YES;
				CLANG_ENABLE_OBJC_WEAK = YES;
				CLANG_WARN_BLOCK_CAPTURE_AUTORELEASING = YES;
				CLANG_WARN_BOOL_CONVERSION = YES;
				CLANG_WARN_COMMA = YES;
				CLANG_WARN_CONSTANT_CONVERSION = YES;
				CLANG_WARN_DEPRECATED_OBJC_IMPLEMENTATIONS = YES;
				CLANG_WARN_DIRECT_OBJC_ISA_USAGE = YES_ERROR;
				CLANG_WARN_DOCUMENTATION_COMMENTS = YES;
				CLANG_WARN_EMPTY_BODY = YES;
				CLANG_WARN_ENUM_CONVERSION = YES;
				CLANG_WARN_INFINITE_RECURSION = YES;
				CLANG_WARN_INT_CONVERSION = YES;
				CLANG_WARN_NON_LITERAL_NULL_CONVERSION = YES;
				CLANG_WARN_OBJC_IMPLICIT_RETAIN_SELF = YES;
				CLANG_WARN_OBJC_LITERAL_CONVERSION = YES;
				CLANG_WARN_OBJC_ROOT_CLASS = YES_ERROR;
				CLANG_WARN_QUOTED_INCLUDE_IN_FRAMEWORK_HEADER = YES;
				CLANG_WARN_RANGE_LOOP_ANALYSIS = YES;
				CLANG_WARN_STRICT_PROTOTYPES = YES;
				CLANG_WARN_SUSPICIOUS_MOVE = YES;
				CLANG_WARN_UNGUARDED_AVAILABILITY = YES_AGGRESSIVE;
				CLANG_WARN_UNREACHABLE_CODE = YES;
				CLANG_WARN__DUPLICATE_METHOD_MATCH = YES;
				COPY_PHASE_STRIP = NO;
				DEBUG_INFORMATION_FORMAT = dwarf;
				ENABLE_STRICT_OBJC_MSGSEND = YES;
				ENABLE_TESTABILITY = YES;
				GCC_C_LANGUAGE_STANDARD = gnu11;
				GCC_DYNAMIC_NO_PIC = NO;
				GCC_NO_COMMON_BLOCKS = YES;
				GCC_OPTIMIZATION_LEVEL = 0;
				GCC_PREPROCESSOR_DEFINITIONS = (
					"DEBUG=1",
					"$(inherited)",
				);
				GCC_WARN_64_TO_32_BIT_CONVERSION = YES;
				GCC_WARN_ABOUT_RETURN_TYPE = YES_ERROR;
				GCC_WARN_UNDECLARED_SELECTOR = YES;
				GCC_WARN_UNINITIALIZED_AUTOS = YES_AGGRESSIVE;
				GCC_WARN_UNUSED_FUNCTION = YES;
				GCC_WARN_UNUSED_VARIABLE = YES;
				IPHONEOS_DEPLOYMENT_TARGET = 15.2;
				MTL_ENABLE_DEBUG_INFO = INCLUDE_SOURCE;
				MTL_FAST_MATH = YES;
				ONLY_ACTIVE_ARCH = YES;
				SDKROOT = iphoneos;
				SWIFT_ACTIVE_COMPILATION_CONDITIONS = DEBUG;
				SWIFT_OPTIMIZATION_LEVEL = "-Onone";
			};
			name = Debug;
		};
		8CA524FB289FEBAB007D5CBE /* Release */ = {
			isa = XCBuildConfiguration;
			buildSettings = {
				ALWAYS_SEARCH_USER_PATHS = NO;
				CLANG_ANALYZER_NONNULL = YES;
				CLANG_ANALYZER_NUMBER_OBJECT_CONVERSION = YES_AGGRESSIVE;
				CLANG_CXX_LANGUAGE_STANDARD = "gnu++17";
				CLANG_CXX_LIBRARY = "libc++";
				CLANG_ENABLE_MODULES = YES;
				CLANG_ENABLE_OBJC_ARC = YES;
				CLANG_ENABLE_OBJC_WEAK = YES;
				CLANG_WARN_BLOCK_CAPTURE_AUTORELEASING = YES;
				CLANG_WARN_BOOL_CONVERSION = YES;
				CLANG_WARN_COMMA = YES;
				CLANG_WARN_CONSTANT_CONVERSION = YES;
				CLANG_WARN_DEPRECATED_OBJC_IMPLEMENTATIONS = YES;
				CLANG_WARN_DIRECT_OBJC_ISA_USAGE = YES_ERROR;
				CLANG_WARN_DOCUMENTATION_COMMENTS = YES;
				CLANG_WARN_EMPTY_BODY = YES;
				CLANG_WARN_ENUM_CONVERSION = YES;
				CLANG_WARN_INFINITE_RECURSION = YES;
				CLANG_WARN_INT_CONVERSION = YES;
				CLANG_WARN_NON_LITERAL_NULL_CONVERSION = YES;
				CLANG_WARN_OBJC_IMPLICIT_RETAIN_SELF = YES;
				CLANG_WARN_OBJC_LITERAL_CONVERSION = YES;
				CLANG_WARN_OBJC_ROOT_CLASS = YES_ERROR;
				CLANG_WARN_QUOTED_INCLUDE_IN_FRAMEWORK_HEADER = YES;
				CLANG_WARN_RANGE_LOOP_ANALYSIS = YES;
				CLANG_WARN_STRICT_PROTOTYPES = YES;
				CLANG_WARN_SUSPICIOUS_MOVE = YES;
				CLANG_WARN_UNGUARDED_AVAILABILITY = YES_AGGRESSIVE;
				CLANG_WARN_UNREACHABLE_CODE = YES;
				CLANG_WARN__DUPLICATE_METHOD_MATCH = YES;
				COPY_PHASE_STRIP = NO;
				DEBUG_INFORMATION_FORMAT = "dwarf-with-dsym";
				ENABLE_NS_ASSERTIONS = NO;
				ENABLE_STRICT_OBJC_MSGSEND = YES;
				GCC_C_LANGUAGE_STANDARD = gnu11;
				GCC_NO_COMMON_BLOCKS = YES;
				GCC_WARN_64_TO_32_BIT_CONVERSION = YES;
				GCC_WARN_ABOUT_RETURN_TYPE = YES_ERROR;
				GCC_WARN_UNDECLARED_SELECTOR = YES;
				GCC_WARN_UNINITIALIZED_AUTOS = YES_AGGRESSIVE;
				GCC_WARN_UNUSED_FUNCTION = YES;
				GCC_WARN_UNUSED_VARIABLE = YES;
				IPHONEOS_DEPLOYMENT_TARGET = 15.2;
				MTL_ENABLE_DEBUG_INFO = NO;
				MTL_FAST_MATH = YES;
				SDKROOT = iphoneos;
				SWIFT_COMPILATION_MODE = wholemodule;
				SWIFT_OPTIMIZATION_LEVEL = "-O";
				VALIDATE_PRODUCT = YES;
			};
			name = Release;
		};
		8CA524FD289FEBAB007D5CBE /* Debug */ = {
			isa = XCBuildConfiguration;
			baseConfigurationReference = 60E0C72DFF3C5BAF37B3EFEE /* Pods-Smack.debug.xcconfig */;
			buildSettings = {
				ASSETCATALOG_COMPILER_APPICON_NAME = AppIcon;
				ASSETCATALOG_COMPILER_GLOBAL_ACCENT_COLOR_NAME = AccentColor;
				CLANG_ENABLE_MODULES = YES;
				CODE_SIGN_STYLE = Automatic;
				CURRENT_PROJECT_VERSION = 1;
				GENERATE_INFOPLIST_FILE = YES;
				INFOPLIST_FILE = Smack/Info.plist;
				INFOPLIST_KEY_UIApplicationSupportsIndirectInputEvents = YES;
				INFOPLIST_KEY_UILaunchStoryboardName = LaunchScreen;
				INFOPLIST_KEY_UIMainStoryboardFile = Main;
				INFOPLIST_KEY_UISupportedInterfaceOrientations = UIInterfaceOrientationPortrait;
				INFOPLIST_KEY_UISupportedInterfaceOrientations_iPad = "UIInterfaceOrientationPortrait UIInterfaceOrientationPortraitUpsideDown UIInterfaceOrientationLandscapeLeft UIInterfaceOrientationLandscapeRight";
				INFOPLIST_KEY_UISupportedInterfaceOrientations_iPhone = "UIInterfaceOrientationPortrait UIInterfaceOrientationLandscapeLeft UIInterfaceOrientationLandscapeRight";
				LD_RUNPATH_SEARCH_PATHS = (
					"$(inherited)",
					"@executable_path/Frameworks",
				);
				MARKETING_VERSION = 1.0;
				PRODUCT_BUNDLE_IDENTIFIER = com.abc.Smack;
				PRODUCT_NAME = "$(TARGET_NAME)";
				SWIFT_EMIT_LOC_STRINGS = YES;
				SWIFT_OBJC_BRIDGING_HEADER = "Supporting Files/Smack-Bridging-Header.h";
				SWIFT_OPTIMIZATION_LEVEL = "-Onone";
				SWIFT_VERSION = 5.0;
				TARGETED_DEVICE_FAMILY = "1,2";
			};
			name = Debug;
		};
		8CA524FE289FEBAB007D5CBE /* Release */ = {
			isa = XCBuildConfiguration;
			baseConfigurationReference = 3E95AF36A072EF14AF0045D5 /* Pods-Smack.release.xcconfig */;
			buildSettings = {
				ASSETCATALOG_COMPILER_APPICON_NAME = AppIcon;
				ASSETCATALOG_COMPILER_GLOBAL_ACCENT_COLOR_NAME = AccentColor;
				CLANG_ENABLE_MODULES = YES;
				CODE_SIGN_STYLE = Automatic;
				CURRENT_PROJECT_VERSION = 1;
				GENERATE_INFOPLIST_FILE = YES;
				INFOPLIST_FILE = Smack/Info.plist;
				INFOPLIST_KEY_UIApplicationSupportsIndirectInputEvents = YES;
				INFOPLIST_KEY_UILaunchStoryboardName = LaunchScreen;
				INFOPLIST_KEY_UIMainStoryboardFile = Main;
				INFOPLIST_KEY_UISupportedInterfaceOrientations = UIInterfaceOrientationPortrait;
				INFOPLIST_KEY_UISupportedInterfaceOrientations_iPad = "UIInterfaceOrientationPortrait UIInterfaceOrientationPortraitUpsideDown UIInterfaceOrientationLandscapeLeft UIInterfaceOrientationLandscapeRight";
				INFOPLIST_KEY_UISupportedInterfaceOrientations_iPhone = "UIInterfaceOrientationPortrait UIInterfaceOrientationLandscapeLeft UIInterfaceOrientationLandscapeRight";
				LD_RUNPATH_SEARCH_PATHS = (
					"$(inherited)",
					"@executable_path/Frameworks",
				);
				MARKETING_VERSION = 1.0;
				PRODUCT_BUNDLE_IDENTIFIER = com.abc.Smack;
				PRODUCT_NAME = "$(TARGET_NAME)";
				SWIFT_EMIT_LOC_STRINGS = YES;
				SWIFT_OBJC_BRIDGING_HEADER = "Supporting Files/Smack-Bridging-Header.h";
				SWIFT_VERSION = 5.0;
				TARGETED_DEVICE_FAMILY = "1,2";
			};
			name = Release;
		};
/* End XCBuildConfiguration section */

/* Begin XCConfigurationList section */
		8CA524E3289FEBA9007D5CBE /* Build configuration list for PBXProject "Smack" */ = {
			isa = XCConfigurationList;
			buildConfigurations = (
				8CA524FA289FEBAB007D5CBE /* Debug */,
				8CA524FB289FEBAB007D5CBE /* Release */,
			);
			defaultConfigurationIsVisible = 0;
			defaultConfigurationName = Release;
		};
		8CA524FC289FEBAB007D5CBE /* Build configuration list for PBXNativeTarget "Smack" */ = {
			isa = XCConfigurationList;
			buildConfigurations = (
				8CA524FD289FEBAB007D5CBE /* Debug */,
				8CA524FE289FEBAB007D5CBE /* Release */,
			);
			defaultConfigurationIsVisible = 0;
			defaultConfigurationName = Release;
		};
/* End XCConfigurationList section */
	};
	rootObject = 8CA524E0289FEBA9007D5CBE /* Project object */;
}
