PODS:
  - Alamofire (5.6.2)
  - Socket.IO-Client-Swift (16.0.1):
    - Starscream (~> 4.0)
  - Starscream (4.0.4)
  - SwiftyJSON (5.0.1)

DEPENDENCIES:
  - Alamofire
  - Socket.IO-Client-Swift
  - SwiftyJSON

SPEC REPOS:
  trunk:
    - Alamofire
    - Socket.IO-Client-Swift
    - Starscream
    - SwiftyJSON

SPEC CHECKSUMS:
  Alamofire: d368e1ff8a298e6dde360e35a3e68e6c610e7204
  Socket.IO-Client-Swift: c116d6dc9fd6be9c259bacfe143f8725bce7d79e
  Starscream: 5178aed56b316f13fa3bc55694e583d35dd414d9
  SwiftyJSON: 2f33a42c6fbc52764d96f13368585094bfd8aa5e

PODFILE CHECKSUM: ac68bea867f54c54898aa35244bf008063b4ec1a

COCOAPODS: 1.8.4
